
Microsoft Visual Studio Solution File, Format Version 12.00
# Visual Studio Version 16
VisualStudioVersion = 16.0.32228.343
MinimumVisualStudioVersion = 10.0.40219.1
Project("{9A19103F-16F7-4668-BE54-9A1E7A4F7556}") = "VideoTime.GUI", "VideoTime.GUI\VideoTime.GUI.csproj", "{B83A979F-7AD9-4198-8DFC-5D5D5752C953}"
EndProject
Global
	GlobalSection(SolutionConfigurationPlatforms) = preSolution
		Debug|Any CPU = Debug|Any CPU
		Release|Any CPU = Release|Any CPU
	EndGlobalSection
	GlobalSection(ProjectConfigurationPlatforms) = postSolution
		{B83A979F-7AD9-4198-8DFC-5D5D5752C953}.Debug|Any CPU.ActiveCfg = Debug|Any CPU
		{B83A979F-7AD9-4198-8DFC-5D5D5752C953}.Debug|Any CPU.Build.0 = Debug|Any CPU
		{B83A979F-7AD9-4198-8DFC-5D5D5752C953}.Release|Any CPU.ActiveCfg = Release|Any CPU
		{B83A979F-7AD9-4198-8DFC-5D5D5752C953}.Release|Any CPU.Build.0 = Release|Any CPU
	EndGlobalSection
	GlobalSection(SolutionProperties) = preSolution
		HideSolutionNode = FALSE
	EndGlobalSection
	GlobalSection(ExtensibilityGlobals) = postSolution
		SolutionGuid = {047F02A7-CC75-4CC6-8E1D-1022655D435A}
	EndGlobalSection
EndGlobal
